
Microsoft Visual Studio Solution File, Format Version 12.00
# Visual Studio Version 16
VisualStudioVersion = 16.0.30517.126
MinimumVisualStudioVersion = 10.0.40219.1
Project("{888888A0-9F3D-457C-B088-3A5042F75D52}") = "Final_WatchShoppingWeb", "Final_WatchShoppingWeb\Final_WatchShoppingWeb.pyproj", "{707E1063-1DCF-495F-89C4-B3C19C729059}"
EndProject
Global
	GlobalSection(SolutionConfigurationPlatforms) = preSolution
		Debug|Any CPU = Debug|Any CPU
		Release|Any CPU = Release|Any CPU
	EndGlobalSection
	GlobalSection(ProjectConfigurationPlatforms) = postSolution
		{707E1063-1DCF-495F-89C4-B3C19C729059}.Debug|Any CPU.ActiveCfg = Debug|Any CPU
		{707E1063-1DCF-495F-89C4-B3C19C729059}.Debug|Any CPU.Build.0 = Debug|Any CPU
		{707E1063-1DCF-495F-89C4-B3C19C729059}.Release|Any CPU.ActiveCfg = Release|Any CPU
		{707E1063-1DCF-495F-89C4-B3C19C729059}.Release|Any CPU.Build.0 = Release|Any CPU
	EndGlobalSection
	GlobalSection(SolutionProperties) = preSolution
		HideSolutionNode = FALSE
	EndGlobalSection
	GlobalSection(ExtensibilityGlobals) = postSolution
		SolutionGuid = {67E2A0ED-16AC-482C-8908-C7E2773DCA4F}
	EndGlobalSection
EndGlobal
